
Microsoft Visual Studio Solution File, Format Version 12.00
# Visual Studio Version 17
VisualStudioVersion = 17.6.33815.320
MinimumVisualStudioVersion = 10.0.40219.1
Project("{FAE04EC0-301F-11D3-BF4B-00C04F79EFBC}") = "CSI.Scrapper", "CSI.Scrapper\CSI.Scrapper.csproj", "{FFEF41D4-AABE-4E2F-B007-0C935B78B818}"
EndProject
Project("{FAE04EC0-301F-11D3-BF4B-00C04F79EFBC}") = "CSI.WebScraping", "CSI.WebScraping\CSI.WebScraping.csproj", "{95A77866-645F-4F16-B45C-DCAD68AC626C}"
EndProject
Project("{FAE04EC0-301F-11D3-BF4B-00C04F79EFBC}") = "CSI.FileScraping", "CSI.FileScraping\CSI.FileScraping.csproj", "{8820966D-34BB-4CC9-9B08-E6EDBF9C14E9}"
EndProject
Project("{FAE04EC0-301F-11D3-BF4B-00C04F79EFBC}") = "CSI.Common", "CSI.Common\CSI.Common.csproj", "{F8C62496-6D6E-47FE-AE5F-9FCDC8D8CD8B}"
EndProject
Project("{FAE04EC0-301F-11D3-BF4B-00C04F79EFBC}") = "CSI.Data", "CSI.Data\CSI.Data.csproj", "{5BD495B5-ED3C-40F9-B5C5-CF17124D58F7}"
EndProject
Project("{FAE04EC0-301F-11D3-BF4B-00C04F79EFBC}") = "CSI.Services", "CSI.Services\CSI.Services.csproj", "{E387A21E-0E04-4489-905C-7D8948E26107}"
EndProject
Global
	GlobalSection(SolutionConfigurationPlatforms) = preSolution
		Debug|Any CPU = Debug|Any CPU
		Release|Any CPU = Release|Any CPU
	EndGlobalSection
	GlobalSection(ProjectConfigurationPlatforms) = postSolution
		{FFEF41D4-AABE-4E2F-B007-0C935B78B818}.Debug|Any CPU.ActiveCfg = Debug|Any CPU
		{FFEF41D4-AABE-4E2F-B007-0C935B78B818}.Debug|Any CPU.Build.0 = Debug|Any CPU
		{FFEF41D4-AABE-4E2F-B007-0C935B78B818}.Release|Any CPU.ActiveCfg = Release|Any CPU
		{FFEF41D4-AABE-4E2F-B007-0C935B78B818}.Release|Any CPU.Build.0 = Release|Any CPU
		{95A77866-645F-4F16-B45C-DCAD68AC626C}.Debug|Any CPU.ActiveCfg = Debug|Any CPU
		{95A77866-645F-4F16-B45C-DCAD68AC626C}.Debug|Any CPU.Build.0 = Debug|Any CPU
		{95A77866-645F-4F16-B45C-DCAD68AC626C}.Release|Any CPU.ActiveCfg = Release|Any CPU
		{95A77866-645F-4F16-B45C-DCAD68AC626C}.Release|Any CPU.Build.0 = Release|Any CPU
		{8820966D-34BB-4CC9-9B08-E6EDBF9C14E9}.Debug|Any CPU.ActiveCfg = Debug|Any CPU
		{8820966D-34BB-4CC9-9B08-E6EDBF9C14E9}.Debug|Any CPU.Build.0 = Debug|Any CPU
		{8820966D-34BB-4CC9-9B08-E6EDBF9C14E9}.Release|Any CPU.ActiveCfg = Release|Any CPU
		{8820966D-34BB-4CC9-9B08-E6EDBF9C14E9}.Release|Any CPU.Build.0 = Release|Any CPU
		{F8C62496-6D6E-47FE-AE5F-9FCDC8D8CD8B}.Debug|Any CPU.ActiveCfg = Debug|Any CPU
		{F8C62496-6D6E-47FE-AE5F-9FCDC8D8CD8B}.Debug|Any CPU.Build.0 = Debug|Any CPU
		{F8C62496-6D6E-47FE-AE5F-9FCDC8D8CD8B}.Release|Any CPU.ActiveCfg = Release|Any CPU
		{F8C62496-6D6E-47FE-AE5F-9FCDC8D8CD8B}.Release|Any CPU.Build.0 = Release|Any CPU
		{5BD495B5-ED3C-40F9-B5C5-CF17124D58F7}.Debug|Any CPU.ActiveCfg = Debug|Any CPU
		{5BD495B5-ED3C-40F9-B5C5-CF17124D58F7}.Debug|Any CPU.Build.0 = Debug|Any CPU
		{5BD495B5-ED3C-40F9-B5C5-CF17124D58F7}.Release|Any CPU.ActiveCfg = Release|Any CPU
		{5BD495B5-ED3C-40F9-B5C5-CF17124D58F7}.Release|Any CPU.Build.0 = Release|Any CPU
		{E387A21E-0E04-4489-905C-7D8948E26107}.Debug|Any CPU.ActiveCfg = Debug|Any CPU
		{E387A21E-0E04-4489-905C-7D8948E26107}.Debug|Any CPU.Build.0 = Debug|Any CPU
		{E387A21E-0E04-4489-905C-7D8948E26107}.Release|Any CPU.ActiveCfg = Release|Any CPU
		{E387A21E-0E04-4489-905C-7D8948E26107}.Release|Any CPU.Build.0 = Release|Any CPU
	EndGlobalSection
	GlobalSection(SolutionProperties) = preSolution
		HideSolutionNode = FALSE
	EndGlobalSection
	GlobalSection(ExtensibilityGlobals) = postSolution
		SolutionGuid = {79404AA3-16BE-439F-9C75-6E3D0F3199B8}
	EndGlobalSection
EndGlobal
